{
  "version": "4",
  "specifiers": {
    "jsr:@std/assert@1": "1.0.8",
    "jsr:@std/fs@^1.0.6": "1.0.6",
    "jsr:@std/internal@^1.0.5": "1.0.5",
    "jsr:@std/path@^1.0.8": "1.0.8",
    "npm:@types/lodash.zip@*": "4.2.9",
    "npm:@types/lodash@*": "4.17.13",
    "npm:lodash.isequal@*": "4.5.0",
    "npm:lodash.zip@*": "4.2.0",
    "npm:lodash@*": "4.17.21"
  },
  "jsr": {
    "@std/assert@1.0.8": {
      "integrity": "ebe0bd7eb488ee39686f77003992f389a06c3da1bbd8022184804852b2fa641b",
      "dependencies": [
        "jsr:@std/internal"
      ]
    },
    "@std/fs@1.0.6": {
      "integrity": "42b56e1e41b75583a21d5a37f6a6a27de9f510bcd36c0c85791d685ca0b85fa2",
      "dependencies": [
        "jsr:@std/path"
      ]
    },
    "@std/internal@1.0.5": {
      "integrity": "54a546004f769c1ac9e025abd15a76b6671ddc9687e2313b67376125650dc7ba"
    },
    "@std/path@1.0.8": {
      "integrity": "548fa456bb6a04d3c1a1e7477986b6cffbce95102d0bb447c67c4ee70e0364be"
    }
  },
  "npm": {
    "@types/lodash.zip@4.2.9": {
      "integrity": "sha512-cJvqtEzLgHUPF6H6v7K6Q/yIc1DAYpsUkHD1Q7bUOAcCE0b7drzoUMi/Toj0MjQI3WeM6rI6v295mkenAQ+R7A==",
      "dependencies": [
        "@types/lodash"
      ]
    },
    "@types/lodash@4.17.13": {
      "integrity": "sha512-lfx+dftrEZcdBPczf9d0Qv0x+j/rfNCMuC6OcfXmO8gkfeNAY88PgKUbvG56whcN23gc27yenwF6oJZXGFpYxg=="
    },
    "lodash.isequal@4.5.0": {
      "integrity": "sha512-pDo3lu8Jhfjqls6GkMgpahsF9kCyayhgykjyLMNFTKWrpVdAQtYyB4muAMWozBB4ig/dtWAmsMxLEI8wuz+DYQ=="
    },
    "lodash.zip@4.2.0": {
      "integrity": "sha512-C7IOaBBK/0gMORRBd8OETNx3kmOkgIWIPvyDpZSCTwUrpYmgZwJkjZeOD8ww4xbOUOs4/attY+pciKvadNfFbg=="
    },
    "lodash@4.17.21": {
      "integrity": "sha512-v2kDEe57lecTulaDIuNTPy3Ry4gLGJ6Z1O3vE1krgXZNrsQ+LFTGHVxVjcXPs17LhbZVGedAJv8XZ1tvj5FvSg=="
    }
  },
  "workspace": {
    "dependencies": [
      "jsr:@std/assert@1",
      "jsr:@std/fs@^1.0.6"
    ]
  }
}
